
Microsoft Visual Studio Solution File, Format Version 12.00
# Visual Studio Version 18
VisualStudioVersion = 18.2.11415.280
MinimumVisualStudioVersion = 10.0.40219.1
Project("{F184B08F-C81C-45F6-A57F-5ABD9991F28F}") = "Car Wash Management System", "Car Wash Management System\Car Wash Management System.vbproj", "{5E953742-E50D-426F-96F0-89DF8DC796F2}"
EndProject
Project("{2150E333-8FDC-42A3-9474-1A3956D46DE8}") = "Solution Items", "Solution Items", "{02EA681E-C7D8-13C7-8484-4AC65E1B71E8}"
	ProjectSection(SolutionItems) = preProject
		.editorconfig = .editorconfig
	EndProjectSection
EndProject
Project("{54435603-DBB4-11D2-8724-00A0C9A8B90C}") = "CarwashSetup", "CarwashSetup\CarwashSetup.vdproj", "{2A204DFD-21F7-97F7-B255-74417F581C00}"
EndProject
Global
	GlobalSection(SolutionConfigurationPlatforms) = preSolution
		Debug|Any CPU = Debug|Any CPU
		Release|Any CPU = Release|Any CPU
	EndGlobalSection
	GlobalSection(ProjectConfigurationPlatforms) = postSolution
		{5E953742-E50D-426F-96F0-89DF8DC796F2}.Debug|Any CPU.ActiveCfg = Release|Any CPU
		{5E953742-E50D-426F-96F0-89DF8DC796F2}.Debug|Any CPU.Build.0 = Release|Any CPU
		{5E953742-E50D-426F-96F0-89DF8DC796F2}.Release|Any CPU.ActiveCfg = Release|Any CPU
		{5E953742-E50D-426F-96F0-89DF8DC796F2}.Release|Any CPU.Build.0 = Release|Any CPU
		{2A204DFD-21F7-97F7-B255-74417F581C00}.Debug|Any CPU.ActiveCfg = Release
		{2A204DFD-21F7-97F7-B255-74417F581C00}.Release|Any CPU.ActiveCfg = Release
	EndGlobalSection
	GlobalSection(SolutionProperties) = preSolution
		HideSolutionNode = FALSE
	EndGlobalSection
	GlobalSection(ExtensibilityGlobals) = postSolution
		SolutionGuid = {79C3EB30-0504-414D-B914-9F1469208EE5}
	EndGlobalSection
EndGlobal
